// !$*UTF8*$!
{
	archiveVersion = 1;
	classes = {
	};
	objectVersion = 46;
	objects = {

/* Begin PBXBuildFile section */
		21724EEB1972CCFE00DF6DC4 /* BookShelfTableViewCell.m in Sources */ = {isa = PBXBuildFile; fileRef = 21724EE91972CCFE00DF6DC4 /* BookShelfTableViewCell.m */; };
		21724EEC1972CCFE00DF6DC4 /* BookShelfTableViewCell.xib in Resources */ = {isa = PBXBuildFile; fileRef = 21724EEA1972CCFE00DF6DC4 /* BookShelfTableViewCell.xib */; };
		21724EEF1974163700DF6DC4 /* StoryCacheData.m in Sources */ = {isa = PBXBuildFile; fileRef = 21724EEE1974163700DF6DC4 /* StoryCacheData.m */; };
		2177635119756781004F22FD /* GlobalStateCacheData.m in Sources */ = {isa = PBXBuildFile; fileRef = 2177635019756781004F22FD /* GlobalStateCacheData.m */; };
		217F6E1C1942F14B008E432E /* Speaker.m in Sources */ = {isa = PBXBuildFile; fileRef = 217F6E1B1942F14B008E432E /* Speaker.m */; };
		21B53950195C60C6009658B7 /* SpeechTextBox.m in Sources */ = {isa = PBXBuildFile; fileRef = 21B5394F195C60C6009658B7 /* SpeechTextBox.m */; };
		21B53953195FE709009658B7 /* SpeechRegexPitchSetting.m in Sources */ = {isa = PBXBuildFile; fileRef = 21B53952195FE709009658B7 /* SpeechRegexPitchSetting.m */; };
		21B53956196010FD009658B7 /* SettingDataModel.xcdatamodeld in Sources */ = {isa = PBXBuildFile; fileRef = 21B53954196010FD009658B7 /* SettingDataModel.xcdatamodeld */; };
		21B539F819603737009658B7 /* CoreData.framework in Frameworks */ = {isa = PBXBuildFile; fileRef = 21B539F719603737009658B7 /* CoreData.framework */; };
		21B539FA196037BC009658B7 /* AVFoundation.framework in Frameworks */ = {isa = PBXBuildFile; fileRef = 21B539F9196037BB009658B7 /* AVFoundation.framework */; };
		21B53A021960509A009658B7 /* SettingDataModel.xcdatamodeld in Resources */ = {isa = PBXBuildFile; fileRef = 21B53954196010FD009658B7 /* SettingDataModel.xcdatamodeld */; };
		21B53A1C19619C00009658B7 /* sound.png in Resources */ = {isa = PBXBuildFile; fileRef = 21B53A1919619C00009658B7 /* sound.png */; };
		21B53A1D19619C00009658B7 /* sound@2x.png in Resources */ = {isa = PBXBuildFile; fileRef = 21B53A1A19619C00009658B7 /* sound@2x.png */; };
		21B53A2219619C50009658B7 /* gear.png in Resources */ = {isa = PBXBuildFile; fileRef = 21B53A1F19619C50009658B7 /* gear.png */; };
		21B53A2319619C50009658B7 /* gear@2x.png in Resources */ = {isa = PBXBuildFile; fileRef = 21B53A2019619C50009658B7 /* gear@2x.png */; };
		21B53A2819619D23009658B7 /* app_globe.png in Resources */ = {isa = PBXBuildFile; fileRef = 21B53A2519619D23009658B7 /* app_globe.png */; };
		21B53A2919619D23009658B7 /* app_globe@2x.png in Resources */ = {isa = PBXBuildFile; fileRef = 21B53A2619619D23009658B7 /* app_globe@2x.png */; };
		21B53A2D19619E01009658B7 /* GlobalDataSingleton.m in Sources */ = {isa = PBXBuildFile; fileRef = 21B53A2C19619E01009658B7 /* GlobalDataSingleton.m */; };
		21B53A331961B30F009658B7 /* SettingsViewController.m in Sources */ = {isa = PBXBuildFile; fileRef = 21B53A321961B30F009658B7 /* SettingsViewController.m */; };
		21C74F961964502A0039A706 /* arrow_down.png in Resources */ = {isa = PBXBuildFile; fileRef = 21C74F931964502A0039A706 /* arrow_down.png */; };
		21C74F971964502A0039A706 /* arrow_down@2x.png in Resources */ = {isa = PBXBuildFile; fileRef = 21C74F941964502A0039A706 /* arrow_down@2x.png */; };
		21C74F9B196456490039A706 /* NarouSearchViewController.m in Sources */ = {isa = PBXBuildFile; fileRef = 21C74F9A196456490039A706 /* NarouSearchViewController.m */; };
		21C74F9E1965A5300039A706 /* NarouContentCacheData.m in Sources */ = {isa = PBXBuildFile; fileRef = 21C74F9D1965A5300039A706 /* NarouContentCacheData.m */; };
		21C74FA1196707B20039A706 /* NarouSearchResultDetailViewController.m in Sources */ = {isa = PBXBuildFile; fileRef = 21C74FA0196707B20039A706 /* NarouSearchResultDetailViewController.m */; };
		21C74FA41967FD390039A706 /* NarouDownloadQueue.m in Sources */ = {isa = PBXBuildFile; fileRef = 21C74FA31967FD390039A706 /* NarouDownloadQueue.m */; };
		21C74FD4196831070039A706 /* DownloadStatusViewController.m in Sources */ = {isa = PBXBuildFile; fileRef = 21C74FD3196831070039A706 /* DownloadStatusViewController.m */; };
		21C74FD7196843280039A706 /* BookShelfTableViewController.m in Sources */ = {isa = PBXBuildFile; fileRef = 21C74FD6196843280039A706 /* BookShelfTableViewController.m */; };
		21E294E81970E2C40012A3AA /* SettingDataModelMapping_1to2.xcmappingmodel in Sources */ = {isa = PBXBuildFile; fileRef = 21E294E71970E2C40012A3AA /* SettingDataModelMapping_1to2.xcmappingmodel */; };
		21E294EC1970E45B0012A3AA /* GlobalState.m in Sources */ = {isa = PBXBuildFile; fileRef = 21E294EB1970E45B0012A3AA /* GlobalState.m */; };
		21E294EF1970E45B0012A3AA /* NarouContent.m in Sources */ = {isa = PBXBuildFile; fileRef = 21E294EE1970E45B0012A3AA /* NarouContent.m */; };
		21E294F21970E45C0012A3AA /* Story.m in Sources */ = {isa = PBXBuildFile; fileRef = 21E294F11970E45C0012A3AA /* Story.m */; };
		21F054CD1917E0F200CC6BA9 /* Foundation.framework in Frameworks */ = {isa = PBXBuildFile; fileRef = 21F054CC1917E0F200CC6BA9 /* Foundation.framework */; };
		21F054CF1917E0F200CC6BA9 /* CoreGraphics.framework in Frameworks */ = {isa = PBXBuildFile; fileRef = 21F054CE1917E0F200CC6BA9 /* CoreGraphics.framework */; };
		21F054D11917E0F200CC6BA9 /* UIKit.framework in Frameworks */ = {isa = PBXBuildFile; fileRef = 21F054D01917E0F200CC6BA9 /* UIKit.framework */; };
		21F054D71917E0F200CC6BA9 /* InfoPlist.strings in Resources */ = {isa = PBXBuildFile; fileRef = 21F054D51917E0F200CC6BA9 /* InfoPlist.strings */; };
		21F054D91917E0F200CC6BA9 /* main.m in Sources */ = {isa = PBXBuildFile; fileRef = 21F054D81917E0F200CC6BA9 /* main.m */; };
		21F054DD1917E0F200CC6BA9 /* AppDelegate.m in Sources */ = {isa = PBXBuildFile; fileRef = 21F054DC1917E0F200CC6BA9 /* AppDelegate.m */; };
		21F054E01917E0F200CC6BA9 /* Main.storyboard in Resources */ = {isa = PBXBuildFile; fileRef = 21F054DE1917E0F200CC6BA9 /* Main.storyboard */; };
		21F054E31917E0F200CC6BA9 /* SpeechViewController.m in Sources */ = {isa = PBXBuildFile; fileRef = 21F054E21917E0F200CC6BA9 /* SpeechViewController.m */; };
		21F054E51917E0F200CC6BA9 /* Images.xcassets in Resources */ = {isa = PBXBuildFile; fileRef = 21F054E41917E0F200CC6BA9 /* Images.xcassets */; };
		21F054EC1917E0F200CC6BA9 /* XCTest.framework in Frameworks */ = {isa = PBXBuildFile; fileRef = 21F054EB1917E0F200CC6BA9 /* XCTest.framework */; };
		21F054ED1917E0F200CC6BA9 /* Foundation.framework in Frameworks */ = {isa = PBXBuildFile; fileRef = 21F054CC1917E0F200CC6BA9 /* Foundation.framework */; };
		21F054EE1917E0F200CC6BA9 /* UIKit.framework in Frameworks */ = {isa = PBXBuildFile; fileRef = 21F054D01917E0F200CC6BA9 /* UIKit.framework */; };
		21F054F61917E0F200CC6BA9 /* InfoPlist.strings in Resources */ = {isa = PBXBuildFile; fileRef = 21F054F41917E0F200CC6BA9 /* InfoPlist.strings */; };
		21F054F81917E0F200CC6BA9 /* NovelSpeakerTests.m in Sources */ = {isa = PBXBuildFile; fileRef = 21F054F71917E0F200CC6BA9 /* NovelSpeakerTests.m */; };
		4E776B1A196247FB00C36AD1 /* NarouLoader.m in Sources */ = {isa = PBXBuildFile; fileRef = 4E776B19196247FB00C36AD1 /* NarouLoader.m */; };
		4E776B1D1962566F00C36AD1 /* NarouSearchResultTableViewController.m in Sources */ = {isa = PBXBuildFile; fileRef = 4E776B1C1962566F00C36AD1 /* NarouSearchResultTableViewController.m */; };
/* End PBXBuildFile section */

/* Begin PBXContainerItemProxy section */
		21F054EF1917E0F200CC6BA9 /* PBXContainerItemProxy */ = {
			isa = PBXContainerItemProxy;
			containerPortal = 21F054C11917E0F100CC6BA9 /* Project object */;
			proxyType = 1;
			remoteGlobalIDString = 21F054C81917E0F200CC6BA9;
			remoteInfo = NovelSpeaker;
		};
/* End PBXContainerItemProxy section */

/* Begin PBXFileReference section */
		21724EE81972CCFE00DF6DC4 /* BookShelfTableViewCell.h */ = {isa = PBXFileReference; fileEncoding = 4; lastKnownFileType = sourcecode.c.h; path = BookShelfTableViewCell.h; sourceTree = "<group>"; };
		21724EE91972CCFE00DF6DC4 /* BookShelfTableViewCell.m */ = {isa = PBXFileReference; fileEncoding = 4; lastKnownFileType = sourcecode.c.objc; path = BookShelfTableViewCell.m; sourceTree = "<group>"; };
		21724EEA1972CCFE00DF6DC4 /* BookShelfTableViewCell.xib */ = {isa = PBXFileReference; fileEncoding = 4; lastKnownFileType = file.xib; path = BookShelfTableViewCell.xib; sourceTree = "<group>"; };
		21724EED1974163700DF6DC4 /* StoryCacheData.h */ = {isa = PBXFileReference; fileEncoding = 4; lastKnownFileType = sourcecode.c.h; path = StoryCacheData.h; sourceTree = "<group>"; };
		21724EEE1974163700DF6DC4 /* StoryCacheData.m */ = {isa = PBXFileReference; fileEncoding = 4; lastKnownFileType = sourcecode.c.objc; path = StoryCacheData.m; sourceTree = "<group>"; };
		2177634F19756781004F22FD /* GlobalStateCacheData.h */ = {isa = PBXFileReference; fileEncoding = 4; lastKnownFileType = sourcecode.c.h; path = GlobalStateCacheData.h; sourceTree = "<group>"; };
		2177635019756781004F22FD /* GlobalStateCacheData.m */ = {isa = PBXFileReference; fileEncoding = 4; lastKnownFileType = sourcecode.c.objc; path = GlobalStateCacheData.m; sourceTree = "<group>"; };
		217F6E1A1942F14B008E432E /* Speaker.h */ = {isa = PBXFileReference; fileEncoding = 4; lastKnownFileType = sourcecode.c.h; path = Speaker.h; sourceTree = "<group>"; };
		217F6E1B1942F14B008E432E /* Speaker.m */ = {isa = PBXFileReference; fileEncoding = 4; lastKnownFileType = sourcecode.c.objc; path = Speaker.m; sourceTree = "<group>"; };
		21B5394E195C60C6009658B7 /* SpeechTextBox.h */ = {isa = PBXFileReference; fileEncoding = 4; lastKnownFileType = sourcecode.c.h; path = SpeechTextBox.h; sourceTree = "<group>"; };
		21B5394F195C60C6009658B7 /* SpeechTextBox.m */ = {isa = PBXFileReference; fileEncoding = 4; lastKnownFileType = sourcecode.c.objc; path = SpeechTextBox.m; sourceTree = "<group>"; };
		21B53951195FE709009658B7 /* SpeechRegexPitchSetting.h */ = {isa = PBXFileReference; fileEncoding = 4; lastKnownFileType = sourcecode.c.h; path = SpeechRegexPitchSetting.h; sourceTree = "<group>"; };
		21B53952195FE709009658B7 /* SpeechRegexPitchSetting.m */ = {isa = PBXFileReference; fileEncoding = 4; lastKnownFileType = sourcecode.c.objc; path = SpeechRegexPitchSetting.m; sourceTree = "<group>"; };
		21B53955196010FD009658B7 /* SettingDataModel.xcdatamodel */ = {isa = PBXFileReference; lastKnownFileType = wrapper.xcdatamodel; path = SettingDataModel.xcdatamodel; sourceTree = "<group>"; };
		21B539F719603737009658B7 /* CoreData.framework */ = {isa = PBXFileReference; lastKnownFileType = wrapper.framework; name = CoreData.framework; path = System/Library/Frameworks/CoreData.framework; sourceTree = SDKROOT; };
		21B539F9196037BB009658B7 /* AVFoundation.framework */ = {isa = PBXFileReference; lastKnownFileType = wrapper.framework; name = AVFoundation.framework; path = System/Library/Frameworks/AVFoundation.framework; sourceTree = SDKROOT; };
		21B53A1919619C00009658B7 /* sound.png */ = {isa = PBXFileReference; lastKnownFileType = image.png; path = sound.png; sourceTree = "<group>"; };
		21B53A1A19619C00009658B7 /* sound@2x.png */ = {isa = PBXFileReference; lastKnownFileType = image.png; path = "sound@2x.png"; sourceTree = "<group>"; };
		21B53A1F19619C50009658B7 /* gear.png */ = {isa = PBXFileReference; lastKnownFileType = image.png; path = gear.png; sourceTree = "<group>"; };
		21B53A2019619C50009658B7 /* gear@2x.png */ = {isa = PBXFileReference; lastKnownFileType = image.png; path = "gear@2x.png"; sourceTree = "<group>"; };
		21B53A2519619D23009658B7 /* app_globe.png */ = {isa = PBXFileReference; lastKnownFileType = image.png; path = app_globe.png; sourceTree = "<group>"; };
		21B53A2619619D23009658B7 /* app_globe@2x.png */ = {isa = PBXFileReference; lastKnownFileType = image.png; path = "app_globe@2x.png"; sourceTree = "<group>"; };
		21B53A2B19619E01009658B7 /* GlobalDataSingleton.h */ = {isa = PBXFileReference; fileEncoding = 4; lastKnownFileType = sourcecode.c.h; path = GlobalDataSingleton.h; sourceTree = "<group>"; };
		21B53A2C19619E01009658B7 /* GlobalDataSingleton.m */ = {isa = PBXFileReference; fileEncoding = 4; lastKnownFileType = sourcecode.c.objc; path = GlobalDataSingleton.m; sourceTree = "<group>"; };
		21B53A311961B30F009658B7 /* SettingsViewController.h */ = {isa = PBXFileReference; fileEncoding = 4; lastKnownFileType = sourcecode.c.h; path = SettingsViewController.h; sourceTree = "<group>"; };
		21B53A321961B30F009658B7 /* SettingsViewController.m */ = {isa = PBXFileReference; fileEncoding = 4; lastKnownFileType = sourcecode.c.objc; path = SettingsViewController.m; sourceTree = "<group>"; };
		21C74F931964502A0039A706 /* arrow_down.png */ = {isa = PBXFileReference; lastKnownFileType = image.png; path = arrow_down.png; sourceTree = "<group>"; };
		21C74F941964502A0039A706 /* arrow_down@2x.png */ = {isa = PBXFileReference; lastKnownFileType = image.png; path = "arrow_down@2x.png"; sourceTree = "<group>"; };
		21C74F99196456490039A706 /* NarouSearchViewController.h */ = {isa = PBXFileReference; fileEncoding = 4; lastKnownFileType = sourcecode.c.h; path = NarouSearchViewController.h; sourceTree = "<group>"; };
		21C74F9A196456490039A706 /* NarouSearchViewController.m */ = {isa = PBXFileReference; fileEncoding = 4; lastKnownFileType = sourcecode.c.objc; path = NarouSearchViewController.m; sourceTree = "<group>"; };
		21C74F9C1965A5300039A706 /* NarouContentCacheData.h */ = {isa = PBXFileReference; fileEncoding = 4; lastKnownFileType = sourcecode.c.h; path = NarouContentCacheData.h; sourceTree = "<group>"; };
		21C74F9D1965A5300039A706 /* NarouContentCacheData.m */ = {isa = PBXFileReference; fileEncoding = 4; lastKnownFileType = sourcecode.c.objc; path = NarouContentCacheData.m; sourceTree = "<group>"; };
		21C74F9F196707B20039A706 /* NarouSearchResultDetailViewController.h */ = {isa = PBXFileReference; fileEncoding = 4; lastKnownFileType = sourcecode.c.h; path = NarouSearchResultDetailViewController.h; sourceTree = "<group>"; };
		21C74FA0196707B20039A706 /* NarouSearchResultDetailViewController.m */ = {isa = PBXFileReference; fileEncoding = 4; lastKnownFileType = sourcecode.c.objc; path = NarouSearchResultDetailViewController.m; sourceTree = "<group>"; };
		21C74FA21967FD390039A706 /* NarouDownloadQueue.h */ = {isa = PBXFileReference; fileEncoding = 4; lastKnownFileType = sourcecode.c.h; path = NarouDownloadQueue.h; sourceTree = "<group>"; };
		21C74FA31967FD390039A706 /* NarouDownloadQueue.m */ = {isa = PBXFileReference; fileEncoding = 4; lastKnownFileType = sourcecode.c.objc; path = NarouDownloadQueue.m; sourceTree = "<group>"; };
		21C74FD2196831070039A706 /* DownloadStatusViewController.h */ = {isa = PBXFileReference; fileEncoding = 4; lastKnownFileType = sourcecode.c.h; path = DownloadStatusViewController.h; sourceTree = "<group>"; };
		21C74FD3196831070039A706 /* DownloadStatusViewController.m */ = {isa = PBXFileReference; fileEncoding = 4; lastKnownFileType = sourcecode.c.objc; path = DownloadStatusViewController.m; sourceTree = "<group>"; };
		21C74FD5196843280039A706 /* BookShelfTableViewController.h */ = {isa = PBXFileReference; fileEncoding = 4; lastKnownFileType = sourcecode.c.h; path = BookShelfTableViewController.h; sourceTree = "<group>"; };
		21C74FD6196843280039A706 /* BookShelfTableViewController.m */ = {isa = PBXFileReference; fileEncoding = 4; lastKnownFileType = sourcecode.c.objc; path = BookShelfTableViewController.m; sourceTree = "<group>"; };
		21E294E61970E2180012A3AA /* SettingDataModel 2.xcdatamodel */ = {isa = PBXFileReference; lastKnownFileType = wrapper.xcdatamodel; path = "SettingDataModel 2.xcdatamodel"; sourceTree = "<group>"; };
		21E294E71970E2C40012A3AA /* SettingDataModelMapping_1to2.xcmappingmodel */ = {isa = PBXFileReference; lastKnownFileType = wrapper.xcmappingmodel; name = SettingDataModelMapping_1to2.xcmappingmodel; path = DataModelMapping/SettingDataModelMapping_1to2.xcmappingmodel; sourceTree = "<group>"; };
		21E294EA1970E45B0012A3AA /* GlobalState.h */ = {isa = PBXFileReference; fileEncoding = 4; lastKnownFileType = sourcecode.c.h; name = GlobalState.h; path = DataModelMapping/GlobalState.h; sourceTree = "<group>"; };
		21E294EB1970E45B0012A3AA /* GlobalState.m */ = {isa = PBXFileReference; fileEncoding = 4; lastKnownFileType = sourcecode.c.objc; name = GlobalState.m; path = DataModelMapping/GlobalState.m; sourceTree = "<group>"; };
		21E294ED1970E45B0012A3AA /* NarouContent.h */ = {isa = PBXFileReference; fileEncoding = 4; lastKnownFileType = sourcecode.c.h; name = NarouContent.h; path = DataModelMapping/NarouContent.h; sourceTree = "<group>"; };
		21E294EE1970E45B0012A3AA /* NarouContent.m */ = {isa = PBXFileReference; fileEncoding = 4; lastKnownFileType = sourcecode.c.objc; name = NarouContent.m; path = DataModelMapping/NarouContent.m; sourceTree = "<group>"; };
		21E294F01970E45C0012A3AA /* Story.h */ = {isa = PBXFileReference; fileEncoding = 4; lastKnownFileType = sourcecode.c.h; name = Story.h; path = DataModelMapping/Story.h; sourceTree = "<group>"; };
		21E294F11970E45C0012A3AA /* Story.m */ = {isa = PBXFileReference; fileEncoding = 4; lastKnownFileType = sourcecode.c.objc; name = Story.m; path = DataModelMapping/Story.m; sourceTree = "<group>"; };
		21F054C91917E0F200CC6BA9 /* NovelSpeaker.app */ = {isa = PBXFileReference; explicitFileType = wrapper.application; includeInIndex = 0; path = NovelSpeaker.app; sourceTree = BUILT_PRODUCTS_DIR; };
		21F054CC1917E0F200CC6BA9 /* Foundation.framework */ = {isa = PBXFileReference; lastKnownFileType = wrapper.framework; name = Foundation.framework; path = System/Library/Frameworks/Foundation.framework; sourceTree = SDKROOT; };
		21F054CE1917E0F200CC6BA9 /* CoreGraphics.framework */ = {isa = PBXFileReference; lastKnownFileType = wrapper.framework; name = CoreGraphics.framework; path = System/Library/Frameworks/CoreGraphics.framework; sourceTree = SDKROOT; };
		21F054D01917E0F200CC6BA9 /* UIKit.framework */ = {isa = PBXFileReference; lastKnownFileType = wrapper.framework; name = UIKit.framework; path = System/Library/Frameworks/UIKit.framework; sourceTree = SDKROOT; };
		21F054D41917E0F200CC6BA9 /* NovelSpeaker-Info.plist */ = {isa = PBXFileReference; lastKnownFileType = text.plist.xml; path = "NovelSpeaker-Info.plist"; sourceTree = "<group>"; };
		21F054D61917E0F200CC6BA9 /* en */ = {isa = PBXFileReference; lastKnownFileType = text.plist.strings; name = en; path = en.lproj/InfoPlist.strings; sourceTree = "<group>"; };
		21F054D81917E0F200CC6BA9 /* main.m */ = {isa = PBXFileReference; lastKnownFileType = sourcecode.c.objc; path = main.m; sourceTree = "<group>"; };
		21F054DA1917E0F200CC6BA9 /* NovelSpeaker-Prefix.pch */ = {isa = PBXFileReference; lastKnownFileType = sourcecode.c.h; path = "NovelSpeaker-Prefix.pch"; sourceTree = "<group>"; };
		21F054DB1917E0F200CC6BA9 /* AppDelegate.h */ = {isa = PBXFileReference; lastKnownFileType = sourcecode.c.h; path = AppDelegate.h; sourceTree = "<group>"; };
		21F054DC1917E0F200CC6BA9 /* AppDelegate.m */ = {isa = PBXFileReference; lastKnownFileType = sourcecode.c.objc; path = AppDelegate.m; sourceTree = "<group>"; };
		21F054DF1917E0F200CC6BA9 /* Base */ = {isa = PBXFileReference; lastKnownFileType = file.storyboard; name = Base; path = Base.lproj/Main.storyboard; sourceTree = "<group>"; };
		21F054E11917E0F200CC6BA9 /* SpeechViewController.h */ = {isa = PBXFileReference; lastKnownFileType = sourcecode.c.h; path = SpeechViewController.h; sourceTree = "<group>"; };
		21F054E21917E0F200CC6BA9 /* SpeechViewController.m */ = {isa = PBXFileReference; lastKnownFileType = sourcecode.c.objc; path = SpeechViewController.m; sourceTree = "<group>"; };
		21F054E41917E0F200CC6BA9 /* Images.xcassets */ = {isa = PBXFileReference; lastKnownFileType = folder.assetcatalog; path = Images.xcassets; sourceTree = "<group>"; };
		21F054EA1917E0F200CC6BA9 /* NovelSpeakerTests.xctest */ = {isa = PBXFileReference; explicitFileType = wrapper.cfbundle; includeInIndex = 0; path = NovelSpeakerTests.xctest; sourceTree = BUILT_PRODUCTS_DIR; };
		21F054EB1917E0F200CC6BA9 /* XCTest.framework */ = {isa = PBXFileReference; lastKnownFileType = wrapper.framework; name = XCTest.framework; path = Library/Frameworks/XCTest.framework; sourceTree = DEVELOPER_DIR; };
		21F054F31917E0F200CC6BA9 /* NovelSpeakerTests-Info.plist */ = {isa = PBXFileReference; lastKnownFileType = text.plist.xml; path = "NovelSpeakerTests-Info.plist"; sourceTree = "<group>"; };
		21F054F51917E0F200CC6BA9 /* en */ = {isa = PBXFileReference; lastKnownFileType = text.plist.strings; name = en; path = en.lproj/InfoPlist.strings; sourceTree = "<group>"; };
		21F054F71917E0F200CC6BA9 /* NovelSpeakerTests.m */ = {isa = PBXFileReference; lastKnownFileType = sourcecode.c.objc; path = NovelSpeakerTests.m; sourceTree = "<group>"; };
		4E776B18196247FB00C36AD1 /* NarouLoader.h */ = {isa = PBXFileReference; fileEncoding = 4; lastKnownFileType = sourcecode.c.h; path = NarouLoader.h; sourceTree = "<group>"; };
		4E776B19196247FB00C36AD1 /* NarouLoader.m */ = {isa = PBXFileReference; fileEncoding = 4; lastKnownFileType = sourcecode.c.objc; path = NarouLoader.m; sourceTree = "<group>"; };
		4E776B1B1962566F00C36AD1 /* NarouSearchResultTableViewController.h */ = {isa = PBXFileReference; fileEncoding = 4; lastKnownFileType = sourcecode.c.h; path = NarouSearchResultTableViewController.h; sourceTree = "<group>"; };
		4E776B1C1962566F00C36AD1 /* NarouSearchResultTableViewController.m */ = {isa = PBXFileReference; fileEncoding = 4; lastKnownFileType = sourcecode.c.objc; path = NarouSearchResultTableViewController.m; sourceTree = "<group>"; };
/* End PBXFileReference section */

/* Begin PBXFrameworksBuildPhase section */
		21F054C61917E0F200CC6BA9 /* Frameworks */ = {
			isa = PBXFrameworksBuildPhase;
			buildActionMask = 2147483647;
			files = (
				21B539FA196037BC009658B7 /* AVFoundation.framework in Frameworks */,
				21B539F819603737009658B7 /* CoreData.framework in Frameworks */,
				21F054CF1917E0F200CC6BA9 /* CoreGraphics.framework in Frameworks */,
				21F054D11917E0F200CC6BA9 /* UIKit.framework in Frameworks */,
				21F054CD1917E0F200CC6BA9 /* Foundation.framework in Frameworks */,
			);
			runOnlyForDeploymentPostprocessing = 0;
		};
		21F054E71917E0F200CC6BA9 /* Frameworks */ = {
			isa = PBXFrameworksBuildPhase;
			buildActionMask = 2147483647;
			files = (
				21F054EC1917E0F200CC6BA9 /* XCTest.framework in Frameworks */,
				21F054EE1917E0F200CC6BA9 /* UIKit.framework in Frameworks */,
				21F054ED1917E0F200CC6BA9 /* Foundation.framework in Frameworks */,
			);
			runOnlyForDeploymentPostprocessing = 0;
		};
/* End PBXFrameworksBuildPhase section */

/* Begin PBXGroup section */
		21724EE119721D3600DF6DC4 /* MappingModel */ = {
			isa = PBXGroup;
			children = (
				21E294E71970E2C40012A3AA /* SettingDataModelMapping_1to2.xcmappingmodel */,
			);
			name = MappingModel;
			sourceTree = "<group>";
		};
		21724EE51972C7B400DF6DC4 /* CustomCells */ = {
			isa = PBXGroup;
			children = (
				21724EE81972CCFE00DF6DC4 /* BookShelfTableViewCell.h */,
				21724EE91972CCFE00DF6DC4 /* BookShelfTableViewCell.m */,
				21724EEA1972CCFE00DF6DC4 /* BookShelfTableViewCell.xib */,
			);
			name = CustomCells;
			sourceTree = "<group>";
		};
		21B53A1819619BE7009658B7 /* Resources */ = {
			isa = PBXGroup;
			children = (
				21C74F931964502A0039A706 /* arrow_down.png */,
				21C74F941964502A0039A706 /* arrow_down@2x.png */,
				21B53A2519619D23009658B7 /* app_globe.png */,
				21B53A2619619D23009658B7 /* app_globe@2x.png */,
				21B53A1F19619C50009658B7 /* gear.png */,
				21B53A2019619C50009658B7 /* gear@2x.png */,
				21B53A1919619C00009658B7 /* sound.png */,
				21B53A1A19619C00009658B7 /* sound@2x.png */,
			);
			name = Resources;
			sourceTree = "<group>";
		};
		21E294E91970E2D00012A3AA /* DataModel */ = {
			isa = PBXGroup;
			children = (
				21724EE119721D3600DF6DC4 /* MappingModel */,
				21B53954196010FD009658B7 /* SettingDataModel.xcdatamodeld */,
				21E294F01970E45C0012A3AA /* Story.h */,
				21E294F11970E45C0012A3AA /* Story.m */,
				21E294ED1970E45B0012A3AA /* NarouContent.h */,
				21E294EE1970E45B0012A3AA /* NarouContent.m */,
				21E294EA1970E45B0012A3AA /* GlobalState.h */,
				21E294EB1970E45B0012A3AA /* GlobalState.m */,
			);
			name = DataModel;
			sourceTree = "<group>";
		};
		21F054C01917E0F100CC6BA9 = {
			isa = PBXGroup;
			children = (
				21F054D21917E0F200CC6BA9 /* NovelSpeaker */,
				21F054F11917E0F200CC6BA9 /* NovelSpeakerTests */,
				21F054CB1917E0F200CC6BA9 /* Frameworks */,
				21F054CA1917E0F200CC6BA9 /* Products */,
			);
			sourceTree = "<group>";
		};
		21F054CA1917E0F200CC6BA9 /* Products */ = {
			isa = PBXGroup;
			children = (
				21F054C91917E0F200CC6BA9 /* NovelSpeaker.app */,
				21F054EA1917E0F200CC6BA9 /* NovelSpeakerTests.xctest */,
			);
			name = Products;
			sourceTree = "<group>";
		};
		21F054CB1917E0F200CC6BA9 /* Frameworks */ = {
			isa = PBXGroup;
			children = (
				21B539F9196037BB009658B7 /* AVFoundation.framework */,
				21B539F719603737009658B7 /* CoreData.framework */,
				21F054CC1917E0F200CC6BA9 /* Foundation.framework */,
				21F054CE1917E0F200CC6BA9 /* CoreGraphics.framework */,
				21F054D01917E0F200CC6BA9 /* UIKit.framework */,
				21F054EB1917E0F200CC6BA9 /* XCTest.framework */,
			);
			name = Frameworks;
			sourceTree = "<group>";
		};
		21F054D21917E0F200CC6BA9 /* NovelSpeaker */ = {
			isa = PBXGroup;
			children = (
				21E294E91970E2D00012A3AA /* DataModel */,
				21B53A1819619BE7009658B7 /* Resources */,
				21F054DB1917E0F200CC6BA9 /* AppDelegate.h */,
				21F054DC1917E0F200CC6BA9 /* AppDelegate.m */,
				21F054DE1917E0F200CC6BA9 /* Main.storyboard */,
				4E776B17196247BE00C36AD1 /* ViewControllers */,
				217F6E1A1942F14B008E432E /* Speaker.h */,
				217F6E1B1942F14B008E432E /* Speaker.m */,
				21B5394E195C60C6009658B7 /* SpeechTextBox.h */,
				21B5394F195C60C6009658B7 /* SpeechTextBox.m */,
				21B53A2B19619E01009658B7 /* GlobalDataSingleton.h */,
				21B53A2C19619E01009658B7 /* GlobalDataSingleton.m */,
				21C74FA21967FD390039A706 /* NarouDownloadQueue.h */,
				21C74FA31967FD390039A706 /* NarouDownloadQueue.m */,
				4E776B18196247FB00C36AD1 /* NarouLoader.h */,
				4E776B19196247FB00C36AD1 /* NarouLoader.m */,
				2177634F19756781004F22FD /* GlobalStateCacheData.h */,
				2177635019756781004F22FD /* GlobalStateCacheData.m */,
				21724EED1974163700DF6DC4 /* StoryCacheData.h */,
				21724EEE1974163700DF6DC4 /* StoryCacheData.m */,
				21C74F9C1965A5300039A706 /* NarouContentCacheData.h */,
				21C74F9D1965A5300039A706 /* NarouContentCacheData.m */,
				21F054E41917E0F200CC6BA9 /* Images.xcassets */,
				21B53951195FE709009658B7 /* SpeechRegexPitchSetting.h */,
				21B53952195FE709009658B7 /* SpeechRegexPitchSetting.m */,
				21F054D31917E0F200CC6BA9 /* Supporting Files */,
			);
			path = NovelSpeaker;
			sourceTree = "<group>";
		};
		21F054D31917E0F200CC6BA9 /* Supporting Files */ = {
			isa = PBXGroup;
			children = (
				21F054D41917E0F200CC6BA9 /* NovelSpeaker-Info.plist */,
				21F054D51917E0F200CC6BA9 /* InfoPlist.strings */,
				21F054D81917E0F200CC6BA9 /* main.m */,
				21F054DA1917E0F200CC6BA9 /* NovelSpeaker-Prefix.pch */,
			);
			name = "Supporting Files";
			sourceTree = "<group>";
		};
		21F054F11917E0F200CC6BA9 /* NovelSpeakerTests */ = {
			isa = PBXGroup;
			children = (
				21F054F71917E0F200CC6BA9 /* NovelSpeakerTests.m */,
				21F054F21917E0F200CC6BA9 /* Supporting Files */,
			);
			path = NovelSpeakerTests;
			sourceTree = "<group>";
		};
		21F054F21917E0F200CC6BA9 /* Supporting Files */ = {
			isa = PBXGroup;
			children = (
				21F054F31917E0F200CC6BA9 /* NovelSpeakerTests-Info.plist */,
				21F054F41917E0F200CC6BA9 /* InfoPlist.strings */,
			);
			name = "Supporting Files";
			sourceTree = "<group>";
		};
		4E776B17196247BE00C36AD1 /* ViewControllers */ = {
			isa = PBXGroup;
			children = (
				21724EE51972C7B400DF6DC4 /* CustomCells */,
				21C74FD5196843280039A706 /* BookShelfTableViewController.h */,
				21C74FD6196843280039A706 /* BookShelfTableViewController.m */,
				21F054E11917E0F200CC6BA9 /* SpeechViewController.h */,
				21F054E21917E0F200CC6BA9 /* SpeechViewController.m */,
				21B53A311961B30F009658B7 /* SettingsViewController.h */,
				21B53A321961B30F009658B7 /* SettingsViewController.m */,
				4E776B1B1962566F00C36AD1 /* NarouSearchResultTableViewController.h */,
				4E776B1C1962566F00C36AD1 /* NarouSearchResultTableViewController.m */,
				21C74F99196456490039A706 /* NarouSearchViewController.h */,
				21C74F9A196456490039A706 /* NarouSearchViewController.m */,
				21C74F9F196707B20039A706 /* NarouSearchResultDetailViewController.h */,
				21C74FA0196707B20039A706 /* NarouSearchResultDetailViewController.m */,
				21C74FD2196831070039A706 /* DownloadStatusViewController.h */,
				21C74FD3196831070039A706 /* DownloadStatusViewController.m */,
			);
			name = ViewControllers;
			sourceTree = "<group>";
		};
/* End PBXGroup section */

/* Begin PBXNativeTarget section */
		21F054C81917E0F200CC6BA9 /* NovelSpeaker */ = {
			isa = PBXNativeTarget;
			buildConfigurationList = 21F054FB1917E0F200CC6BA9 /* Build configuration list for PBXNativeTarget "NovelSpeaker" */;
			buildPhases = (
				21F054C51917E0F200CC6BA9 /* Sources */,
				21F054C61917E0F200CC6BA9 /* Frameworks */,
				21F054C71917E0F200CC6BA9 /* Resources */,
			);
			buildRules = (
			);
			dependencies = (
			);
			name = NovelSpeaker;
			productName = NovelSpeaker;
			productReference = 21F054C91917E0F200CC6BA9 /* NovelSpeaker.app */;
			productType = "com.apple.product-type.application";
		};
		21F054E91917E0F200CC6BA9 /* NovelSpeakerTests */ = {
			isa = PBXNativeTarget;
			buildConfigurationList = 21F054FE1917E0F200CC6BA9 /* Build configuration list for PBXNativeTarget "NovelSpeakerTests" */;
			buildPhases = (
				21F054E61917E0F200CC6BA9 /* Sources */,
				21F054E71917E0F200CC6BA9 /* Frameworks */,
				21F054E81917E0F200CC6BA9 /* Resources */,
			);
			buildRules = (
			);
			dependencies = (
				21F054F01917E0F200CC6BA9 /* PBXTargetDependency */,
			);
			name = NovelSpeakerTests;
			productName = NovelSpeakerTests;
			productReference = 21F054EA1917E0F200CC6BA9 /* NovelSpeakerTests.xctest */;
			productType = "com.apple.product-type.bundle.unit-test";
		};
/* End PBXNativeTarget section */

/* Begin PBXProject section */
		21F054C11917E0F100CC6BA9 /* Project object */ = {
			isa = PBXProject;
			attributes = {
				LastUpgradeCheck = 0510;
				ORGANIZATIONNAME = "IIMURA Takuji";
				TargetAttributes = {
					21F054C81917E0F200CC6BA9 = {
						SystemCapabilities = {
							com.apple.BackgroundModes = {
								enabled = 1;
							};
						};
					};
					21F054E91917E0F200CC6BA9 = {
						TestTargetID = 21F054C81917E0F200CC6BA9;
					};
				};
			};
			buildConfigurationList = 21F054C41917E0F100CC6BA9 /* Build configuration list for PBXProject "NovelSpeaker" */;
			compatibilityVersion = "Xcode 3.2";
			developmentRegion = English;
			hasScannedForEncodings = 0;
			knownRegions = (
				en,
				Base,
			);
			mainGroup = 21F054C01917E0F100CC6BA9;
			productRefGroup = 21F054CA1917E0F200CC6BA9 /* Products */;
			projectDirPath = "";
			projectRoot = "";
			targets = (
				21F054C81917E0F200CC6BA9 /* NovelSpeaker */,
				21F054E91917E0F200CC6BA9 /* NovelSpeakerTests */,
			);
		};
/* End PBXProject section */

/* Begin PBXResourcesBuildPhase section */
		21F054C71917E0F200CC6BA9 /* Resources */ = {
			isa = PBXResourcesBuildPhase;
			buildActionMask = 2147483647;
			files = (
				21C74F971964502A0039A706 /* arrow_down@2x.png in Resources */,
				21B53A021960509A009658B7 /* SettingDataModel.xcdatamodeld in Resources */,
				21B53A2219619C50009658B7 /* gear.png in Resources */,
				21B53A2319619C50009658B7 /* gear@2x.png in Resources */,
				21F054E51917E0F200CC6BA9 /* Images.xcassets in Resources */,
				21B53A2819619D23009658B7 /* app_globe.png in Resources */,
				21724EEC1972CCFE00DF6DC4 /* BookShelfTableViewCell.xib in Resources */,
				21B53A1C19619C00009658B7 /* sound.png in Resources */,
				21B53A2919619D23009658B7 /* app_globe@2x.png in Resources */,
				21F054D71917E0F200CC6BA9 /* InfoPlist.strings in Resources */,
				21F054E01917E0F200CC6BA9 /* Main.storyboard in Resources */,
				21C74F961964502A0039A706 /* arrow_down.png in Resources */,
				21B53A1D19619C00009658B7 /* sound@2x.png in Resources */,
			);
			runOnlyForDeploymentPostprocessing = 0;
		};
		21F054E81917E0F200CC6BA9 /* Resources */ = {
			isa = PBXResourcesBuildPhase;
			buildActionMask = 2147483647;
			files = (
				21F054F61917E0F200CC6BA9 /* InfoPlist.strings in Resources */,
			);
			runOnlyForDeploymentPostprocessing = 0;
		};
/* End PBXResourcesBuildPhase section */

/* Begin PBXSourcesBuildPhase section */
		21F054C51917E0F200CC6BA9 /* Sources */ = {
			isa = PBXSourcesBuildPhase;
			buildActionMask = 2147483647;
			files = (
				21F054E31917E0F200CC6BA9 /* SpeechViewController.m in Sources */,
				21C74FA41967FD390039A706 /* NarouDownloadQueue.m in Sources */,
				21E294E81970E2C40012A3AA /* SettingDataModelMapping_1to2.xcmappingmodel in Sources */,
				21724EEB1972CCFE00DF6DC4 /* BookShelfTableViewCell.m in Sources */,
				21C74F9B196456490039A706 /* NarouSearchViewController.m in Sources */,
				21F054DD1917E0F200CC6BA9 /* AppDelegate.m in Sources */,
				21C74FD7196843280039A706 /* BookShelfTableViewController.m in Sources */,
				21C74F9E1965A5300039A706 /* NarouContentCacheData.m in Sources */,
				21C74FD4196831070039A706 /* DownloadStatusViewController.m in Sources */,
				21E294EC1970E45B0012A3AA /* GlobalState.m in Sources */,
				21E294EF1970E45B0012A3AA /* NarouContent.m in Sources */,
				21B53956196010FD009658B7 /* SettingDataModel.xcdatamodeld in Sources */,
				21B53A331961B30F009658B7 /* SettingsViewController.m in Sources */,
				21E294F21970E45C0012A3AA /* Story.m in Sources */,
				21724EEF1974163700DF6DC4 /* StoryCacheData.m in Sources */,
				4E776B1A196247FB00C36AD1 /* NarouLoader.m in Sources */,
				21B53A2D19619E01009658B7 /* GlobalDataSingleton.m in Sources */,
				2177635119756781004F22FD /* GlobalStateCacheData.m in Sources */,
				21B53950195C60C6009658B7 /* SpeechTextBox.m in Sources */,
				4E776B1D1962566F00C36AD1 /* NarouSearchResultTableViewController.m in Sources */,
				21B53953195FE709009658B7 /* SpeechRegexPitchSetting.m in Sources */,
				21C74FA1196707B20039A706 /* NarouSearchResultDetailViewController.m in Sources */,
				21F054D91917E0F200CC6BA9 /* main.m in Sources */,
				217F6E1C1942F14B008E432E /* Speaker.m in Sources */,
			);
			runOnlyForDeploymentPostprocessing = 0;
		};
		21F054E61917E0F200CC6BA9 /* Sources */ = {
			isa = PBXSourcesBuildPhase;
			buildActionMask = 2147483647;
			files = (
				21F054F81917E0F200CC6BA9 /* NovelSpeakerTests.m in Sources */,
			);
			runOnlyForDeploymentPostprocessing = 0;
		};
/* End PBXSourcesBuildPhase section */

/* Begin PBXTargetDependency section */
		21F054F01917E0F200CC6BA9 /* PBXTargetDependency */ = {
			isa = PBXTargetDependency;
			target = 21F054C81917E0F200CC6BA9 /* NovelSpeaker */;
			targetProxy = 21F054EF1917E0F200CC6BA9 /* PBXContainerItemProxy */;
		};
/* End PBXTargetDependency section */

/* Begin PBXVariantGroup section */
		21F054D51917E0F200CC6BA9 /* InfoPlist.strings */ = {
			isa = PBXVariantGroup;
			children = (
				21F054D61917E0F200CC6BA9 /* en */,
			);
			name = InfoPlist.strings;
			sourceTree = "<group>";
		};
		21F054DE1917E0F200CC6BA9 /* Main.storyboard */ = {
			isa = PBXVariantGroup;
			children = (
				21F054DF1917E0F200CC6BA9 /* Base */,
			);
			name = Main.storyboard;
			sourceTree = "<group>";
		};
		21F054F41917E0F200CC6BA9 /* InfoPlist.strings */ = {
			isa = PBXVariantGroup;
			children = (
				21F054F51917E0F200CC6BA9 /* en */,
			);
			name = InfoPlist.strings;
			sourceTree = "<group>";
		};
/* End PBXVariantGroup section */

/* Begin XCBuildConfiguration section */
		21F054F91917E0F200CC6BA9 /* Debug */ = {
			isa = XCBuildConfiguration;
			buildSettings = {
				ALWAYS_SEARCH_USER_PATHS = NO;
				CLANG_CXX_LANGUAGE_STANDARD = "gnu++0x";
				CLANG_CXX_LIBRARY = "libc++";
				CLANG_ENABLE_MODULES = YES;
				CLANG_ENABLE_OBJC_ARC = YES;
				CLANG_WARN_BOOL_CONVERSION = YES;
				CLANG_WARN_CONSTANT_CONVERSION = YES;
				CLANG_WARN_DIRECT_OBJC_ISA_USAGE = YES_ERROR;
				CLANG_WARN_EMPTY_BODY = YES;
				CLANG_WARN_ENUM_CONVERSION = YES;
				CLANG_WARN_INT_CONVERSION = YES;
				CLANG_WARN_OBJC_ROOT_CLASS = YES_ERROR;
				CLANG_WARN__DUPLICATE_METHOD_MATCH = YES;
				"CODE_SIGN_IDENTITY[sdk=iphoneos*]" = "iPhone Developer";
				COPY_PHASE_STRIP = NO;
				GCC_C_LANGUAGE_STANDARD = gnu99;
				GCC_DYNAMIC_NO_PIC = NO;
				GCC_OPTIMIZATION_LEVEL = 0;
				GCC_PREPROCESSOR_DEFINITIONS = (
					"DEBUG=1",
					"$(inherited)",
				);
				GCC_SYMBOLS_PRIVATE_EXTERN = NO;
				GCC_WARN_64_TO_32_BIT_CONVERSION = YES;
				GCC_WARN_ABOUT_RETURN_TYPE = YES_ERROR;
				GCC_WARN_UNDECLARED_SELECTOR = YES;
				GCC_WARN_UNINITIALIZED_AUTOS = YES_AGGRESSIVE;
				GCC_WARN_UNUSED_FUNCTION = YES;
				GCC_WARN_UNUSED_VARIABLE = YES;
				IPHONEOS_DEPLOYMENT_TARGET = 7.1;
				ONLY_ACTIVE_ARCH = YES;
				SDKROOT = iphoneos;
			};
			name = Debug;
		};
		21F054FA1917E0F200CC6BA9 /* Release */ = {
			isa = XCBuildConfiguration;
			buildSettings = {
				ALWAYS_SEARCH_USER_PATHS = NO;
				CLANG_CXX_LANGUAGE_STANDARD = "gnu++0x";
				CLANG_CXX_LIBRARY = "libc++";
				CLANG_ENABLE_MODULES = YES;
				CLANG_ENABLE_OBJC_ARC = YES;
				CLANG_WARN_BOOL_CONVERSION = YES;
				CLANG_WARN_CONSTANT_CONVERSION = YES;
				CLANG_WARN_DIRECT_OBJC_ISA_USAGE = YES_ERROR;
				CLANG_WARN_EMPTY_BODY = YES;
				CLANG_WARN_ENUM_CONVERSION = YES;
				CLANG_WARN_INT_CONVERSION = YES;
				CLANG_WARN_OBJC_ROOT_CLASS = YES_ERROR;
				CLANG_WARN__DUPLICATE_METHOD_MATCH = YES;
				"CODE_SIGN_IDENTITY[sdk=iphoneos*]" = "iPhone Developer";
				COPY_PHASE_STRIP = YES;
				ENABLE_NS_ASSERTIONS = NO;
				GCC_C_LANGUAGE_STANDARD = gnu99;
				GCC_WARN_64_TO_32_BIT_CONVERSION = YES;
				GCC_WARN_ABOUT_RETURN_TYPE = YES_ERROR;
				GCC_WARN_UNDECLARED_SELECTOR = YES;
				GCC_WARN_UNINITIALIZED_AUTOS = YES_AGGRESSIVE;
				GCC_WARN_UNUSED_FUNCTION = YES;
				GCC_WARN_UNUSED_VARIABLE = YES;
				IPHONEOS_DEPLOYMENT_TARGET = 7.1;
				SDKROOT = iphoneos;
				VALIDATE_PRODUCT = YES;
			};
			name = Release;
		};
		21F054FC1917E0F200CC6BA9 /* Debug */ = {
			isa = XCBuildConfiguration;
			buildSettings = {
				ASSETCATALOG_COMPILER_APPICON_NAME = AppIcon;
				ASSETCATALOG_COMPILER_LAUNCHIMAGE_NAME = LaunchImage;
				GCC_PRECOMPILE_PREFIX_HEADER = YES;
				GCC_PREFIX_HEADER = "NovelSpeaker/NovelSpeaker-Prefix.pch";
				INFOPLIST_FILE = "NovelSpeaker/NovelSpeaker-Info.plist";
				PRODUCT_NAME = "$(TARGET_NAME)";
				WRAPPER_EXTENSION = app;
			};
			name = Debug;
		};
		21F054FD1917E0F200CC6BA9 /* Release */ = {
			isa = XCBuildConfiguration;
			buildSettings = {
				ASSETCATALOG_COMPILER_APPICON_NAME = AppIcon;
				ASSETCATALOG_COMPILER_LAUNCHIMAGE_NAME = LaunchImage;
				GCC_PRECOMPILE_PREFIX_HEADER = YES;
				GCC_PREFIX_HEADER = "NovelSpeaker/NovelSpeaker-Prefix.pch";
				INFOPLIST_FILE = "NovelSpeaker/NovelSpeaker-Info.plist";
				PRODUCT_NAME = "$(TARGET_NAME)";
				WRAPPER_EXTENSION = app;
			};
			name = Release;
		};
		21F054FF1917E0F200CC6BA9 /* Debug */ = {
			isa = XCBuildConfiguration;
			buildSettings = {
				BUNDLE_LOADER = "$(BUILT_PRODUCTS_DIR)/NovelSpeaker.app/NovelSpeaker";
				FRAMEWORK_SEARCH_PATHS = (
					"$(SDKROOT)/Developer/Library/Frameworks",
					"$(inherited)",
					"$(DEVELOPER_FRAMEWORKS_DIR)",
				);
				GCC_PRECOMPILE_PREFIX_HEADER = YES;
				GCC_PREFIX_HEADER = "NovelSpeaker/NovelSpeaker-Prefix.pch";
				GCC_PREPROCESSOR_DEFINITIONS = (
					"DEBUG=1",
					"$(inherited)",
				);
				INFOPLIST_FILE = "NovelSpeakerTests/NovelSpeakerTests-Info.plist";
				PRODUCT_NAME = "$(TARGET_NAME)";
				TEST_HOST = "$(BUNDLE_LOADER)";
				WRAPPER_EXTENSION = xctest;
			};
			name = Debug;
		};
		21F055001917E0F200CC6BA9 /* Release */ = {
			isa = XCBuildConfiguration;
			buildSettings = {
				BUNDLE_LOADER = "$(BUILT_PRODUCTS_DIR)/NovelSpeaker.app/NovelSpeaker";
				FRAMEWORK_SEARCH_PATHS = (
					"$(SDKROOT)/Developer/Library/Frameworks",
					"$(inherited)",
					"$(DEVELOPER_FRAMEWORKS_DIR)",
				);
				GCC_PRECOMPILE_PREFIX_HEADER = YES;
				GCC_PREFIX_HEADER = "NovelSpeaker/NovelSpeaker-Prefix.pch";
				INFOPLIST_FILE = "NovelSpeakerTests/NovelSpeakerTests-Info.plist";
				PRODUCT_NAME = "$(TARGET_NAME)";
				TEST_HOST = "$(BUNDLE_LOADER)";
				WRAPPER_EXTENSION = xctest;
			};
			name = Release;
		};
/* End XCBuildConfiguration section */

/* Begin XCConfigurationList section */
		21F054C41917E0F100CC6BA9 /* Build configuration list for PBXProject "NovelSpeaker" */ = {
			isa = XCConfigurationList;
			buildConfigurations = (
				21F054F91917E0F200CC6BA9 /* Debug */,
				21F054FA1917E0F200CC6BA9 /* Release */,
			);
			defaultConfigurationIsVisible = 0;
			defaultConfigurationName = Release;
		};
		21F054FB1917E0F200CC6BA9 /* Build configuration list for PBXNativeTarget "NovelSpeaker" */ = {
			isa = XCConfigurationList;
			buildConfigurations = (
				21F054FC1917E0F200CC6BA9 /* Debug */,
				21F054FD1917E0F200CC6BA9 /* Release */,
			);
			defaultConfigurationIsVisible = 0;
			defaultConfigurationName = Release;
		};
		21F054FE1917E0F200CC6BA9 /* Build configuration list for PBXNativeTarget "NovelSpeakerTests" */ = {
			isa = XCConfigurationList;
			buildConfigurations = (
				21F054FF1917E0F200CC6BA9 /* Debug */,
				21F055001917E0F200CC6BA9 /* Release */,
			);
			defaultConfigurationIsVisible = 0;
			defaultConfigurationName = Release;
		};
/* End XCConfigurationList section */

/* Begin XCVersionGroup section */
		21B53954196010FD009658B7 /* SettingDataModel.xcdatamodeld */ = {
			isa = XCVersionGroup;
			children = (
				21E294E61970E2180012A3AA /* SettingDataModel 2.xcdatamodel */,
				21B53955196010FD009658B7 /* SettingDataModel.xcdatamodel */,
			);
			currentVersion = 21E294E61970E2180012A3AA /* SettingDataModel 2.xcdatamodel */;
			path = SettingDataModel.xcdatamodeld;
			sourceTree = "<group>";
			versionGroupType = wrapper.xcdatamodel;
		};
/* End XCVersionGroup section */
	};
	rootObject = 21F054C11917E0F100CC6BA9 /* Project object */;
}
