// !$*UTF8*$!
{
	archiveVersion = 1;
	classes = {
	};
	objectVersion = 46;
	objects = {

/* Begin PBXBuildFile section */
		21F054CD1917E0F200CC6BA9 /* Foundation.framework in Frameworks */ = {isa = PBXBuildFile; fileRef = 21F054CC1917E0F200CC6BA9 /* Foundation.framework */; };
		21F054CF1917E0F200CC6BA9 /* CoreGraphics.framework in Frameworks */ = {isa = PBXBuildFile; fileRef = 21F054CE1917E0F200CC6BA9 /* CoreGraphics.framework */; };
		21F054D11917E0F200CC6BA9 /* UIKit.framework in Frameworks */ = {isa = PBXBuildFile; fileRef = 21F054D01917E0F200CC6BA9 /* UIKit.framework */; };
		21F054D71917E0F200CC6BA9 /* InfoPlist.strings in Resources */ = {isa = PBXBuildFile; fileRef = 21F054D51917E0F200CC6BA9 /* InfoPlist.strings */; };
		21F054D91917E0F200CC6BA9 /* main.m in Sources */ = {isa = PBXBuildFile; fileRef = 21F054D81917E0F200CC6BA9 /* main.m */; };
		21F054DD1917E0F200CC6BA9 /* AppDelegate.m in Sources */ = {isa = PBXBuildFile; fileRef = 21F054DC1917E0F200CC6BA9 /* AppDelegate.m */; };
		21F054E01917E0F200CC6BA9 /* Main.storyboard in Resources */ = {isa = PBXBuildFile; fileRef = 21F054DE1917E0F200CC6BA9 /* Main.storyboard */; };
		21F054E31917E0F200CC6BA9 /* ViewController.m in Sources */ = {isa = PBXBuildFile; fileRef = 21F054E21917E0F200CC6BA9 /* ViewController.m */; };
		21F054E51917E0F200CC6BA9 /* Images.xcassets in Resources */ = {isa = PBXBuildFile; fileRef = 21F054E41917E0F200CC6BA9 /* Images.xcassets */; };
		21F054EC1917E0F200CC6BA9 /* XCTest.framework in Frameworks */ = {isa = PBXBuildFile; fileRef = 21F054EB1917E0F200CC6BA9 /* XCTest.framework */; };
		21F054ED1917E0F200CC6BA9 /* Foundation.framework in Frameworks */ = {isa = PBXBuildFile; fileRef = 21F054CC1917E0F200CC6BA9 /* Foundation.framework */; };
		21F054EE1917E0F200CC6BA9 /* UIKit.framework in Frameworks */ = {isa = PBXBuildFile; fileRef = 21F054D01917E0F200CC6BA9 /* UIKit.framework */; };
		21F054F61917E0F200CC6BA9 /* InfoPlist.strings in Resources */ = {isa = PBXBuildFile; fileRef = 21F054F41917E0F200CC6BA9 /* InfoPlist.strings */; };
		21F054F81917E0F200CC6BA9 /* NovelSpeakerTests.m in Sources */ = {isa = PBXBuildFile; fileRef = 21F054F71917E0F200CC6BA9 /* NovelSpeakerTests.m */; };
/* End PBXBuildFile section */

/* Begin PBXContainerItemProxy section */
		21F054EF1917E0F200CC6BA9 /* PBXContainerItemProxy */ = {
			isa = PBXContainerItemProxy;
			containerPortal = 21F054C11917E0F100CC6BA9 /* Project object */;
			proxyType = 1;
			remoteGlobalIDString = 21F054C81917E0F200CC6BA9;
			remoteInfo = NovelSpeaker;
		};
/* End PBXContainerItemProxy section */

/* Begin PBXFileReference section */
		21F054C91917E0F200CC6BA9 /* NovelSpeaker.app */ = {isa = PBXFileReference; explicitFileType = wrapper.application; includeInIndex = 0; path = NovelSpeaker.app; sourceTree = BUILT_PRODUCTS_DIR; };
		21F054CC1917E0F200CC6BA9 /* Foundation.framework */ = {isa = PBXFileReference; lastKnownFileType = wrapper.framework; name = Foundation.framework; path = System/Library/Frameworks/Foundation.framework; sourceTree = SDKROOT; };
		21F054CE1917E0F200CC6BA9 /* CoreGraphics.framework */ = {isa = PBXFileReference; lastKnownFileType = wrapper.framework; name = CoreGraphics.framework; path = System/Library/Frameworks/CoreGraphics.framework; sourceTree = SDKROOT; };
		21F054D01917E0F200CC6BA9 /* UIKit.framework */ = {isa = PBXFileReference; lastKnownFileType = wrapper.framework; name = UIKit.framework; path = System/Library/Frameworks/UIKit.framework; sourceTree = SDKROOT; };
		21F054D41917E0F200CC6BA9 /* NovelSpeaker-Info.plist */ = {isa = PBXFileReference; lastKnownFileType = text.plist.xml; path = "NovelSpeaker-Info.plist"; sourceTree = "<group>"; };
		21F054D61917E0F200CC6BA9 /* en */ = {isa = PBXFileReference; lastKnownFileType = text.plist.strings; name = en; path = en.lproj/InfoPlist.strings; sourceTree = "<group>"; };
		21F054D81917E0F200CC6BA9 /* main.m */ = {isa = PBXFileReference; lastKnownFileType = sourcecode.c.objc; path = main.m; sourceTree = "<group>"; };
		21F054DA1917E0F200CC6BA9 /* NovelSpeaker-Prefix.pch */ = {isa = PBXFileReference; lastKnownFileType = sourcecode.c.h; path = "NovelSpeaker-Prefix.pch"; sourceTree = "<group>"; };
		21F054DB1917E0F200CC6BA9 /* AppDelegate.h */ = {isa = PBXFileReference; lastKnownFileType = sourcecode.c.h; path = AppDelegate.h; sourceTree = "<group>"; };
		21F054DC1917E0F200CC6BA9 /* AppDelegate.m */ = {isa = PBXFileReference; lastKnownFileType = sourcecode.c.objc; path = AppDelegate.m; sourceTree = "<group>"; };
		21F054DF1917E0F200CC6BA9 /* Base */ = {isa = PBXFileReference; lastKnownFileType = file.storyboard; name = Base; path = Base.lproj/Main.storyboard; sourceTree = "<group>"; };
		21F054E11917E0F200CC6BA9 /* ViewController.h */ = {isa = PBXFileReference; lastKnownFileType = sourcecode.c.h; path = ViewController.h; sourceTree = "<group>"; };
		21F054E21917E0F200CC6BA9 /* ViewController.m */ = {isa = PBXFileReference; lastKnownFileType = sourcecode.c.objc; path = ViewController.m; sourceTree = "<group>"; };
		21F054E41917E0F200CC6BA9 /* Images.xcassets */ = {isa = PBXFileReference; lastKnownFileType = folder.assetcatalog; path = Images.xcassets; sourceTree = "<group>"; };
		21F054EA1917E0F200CC6BA9 /* NovelSpeakerTests.xctest */ = {isa = PBXFileReference; explicitFileType = wrapper.cfbundle; includeInIndex = 0; path = NovelSpeakerTests.xctest; sourceTree = BUILT_PRODUCTS_DIR; };
		21F054EB1917E0F200CC6BA9 /* XCTest.framework */ = {isa = PBXFileReference; lastKnownFileType = wrapper.framework; name = XCTest.framework; path = Library/Frameworks/XCTest.framework; sourceTree = DEVELOPER_DIR; };
		21F054F31917E0F200CC6BA9 /* NovelSpeakerTests-Info.plist */ = {isa = PBXFileReference; lastKnownFileType = text.plist.xml; path = "NovelSpeakerTests-Info.plist"; sourceTree = "<group>"; };
		21F054F51917E0F200CC6BA9 /* en */ = {isa = PBXFileReference; lastKnownFileType = text.plist.strings; name = en; path = en.lproj/InfoPlist.strings; sourceTree = "<group>"; };
		21F054F71917E0F200CC6BA9 /* NovelSpeakerTests.m */ = {isa = PBXFileReference; lastKnownFileType = sourcecode.c.objc; path = NovelSpeakerTests.m; sourceTree = "<group>"; };
/* End PBXFileReference section */

/* Begin PBXFrameworksBuildPhase section */
		21F054C61917E0F200CC6BA9 /* Frameworks */ = {
			isa = PBXFrameworksBuildPhase;
			buildActionMask = 2147483647;
			files = (
				21F054CF1917E0F200CC6BA9 /* CoreGraphics.framework in Frameworks */,
				21F054D11917E0F200CC6BA9 /* UIKit.framework in Frameworks */,
				21F054CD1917E0F200CC6BA9 /* Foundation.framework in Frameworks */,
			);
			runOnlyForDeploymentPostprocessing = 0;
		};
		21F054E71917E0F200CC6BA9 /* Frameworks */ = {
			isa = PBXFrameworksBuildPhase;
			buildActionMask = 2147483647;
			files = (
				21F054EC1917E0F200CC6BA9 /* XCTest.framework in Frameworks */,
				21F054EE1917E0F200CC6BA9 /* UIKit.framework in Frameworks */,
				21F054ED1917E0F200CC6BA9 /* Foundation.framework in Frameworks */,
			);
			runOnlyForDeploymentPostprocessing = 0;
		};
/* End PBXFrameworksBuildPhase section */

/* Begin PBXGroup section */
		21F054C01917E0F100CC6BA9 = {
			isa = PBXGroup;
			children = (
				21F054D21917E0F200CC6BA9 /* NovelSpeaker */,
				21F054F11917E0F200CC6BA9 /* NovelSpeakerTests */,
				21F054CB1917E0F200CC6BA9 /* Frameworks */,
				21F054CA1917E0F200CC6BA9 /* Products */,
			);
			sourceTree = "<group>";
		};
		21F054CA1917E0F200CC6BA9 /* Products */ = {
			isa = PBXGroup;
			children = (
				21F054C91917E0F200CC6BA9 /* NovelSpeaker.app */,
				21F054EA1917E0F200CC6BA9 /* NovelSpeakerTests.xctest */,
			);
			name = Products;
			sourceTree = "<group>";
		};
		21F054CB1917E0F200CC6BA9 /* Frameworks */ = {
			isa = PBXGroup;
			children = (
				21F054CC1917E0F200CC6BA9 /* Foundation.framework */,
				21F054CE1917E0F200CC6BA9 /* CoreGraphics.framework */,
				21F054D01917E0F200CC6BA9 /* UIKit.framework */,
				21F054EB1917E0F200CC6BA9 /* XCTest.framework */,
			);
			name = Frameworks;
			sourceTree = "<group>";
		};
		21F054D21917E0F200CC6BA9 /* NovelSpeaker */ = {
			isa = PBXGroup;
			children = (
				21F054DB1917E0F200CC6BA9 /* AppDelegate.h */,
				21F054DC1917E0F200CC6BA9 /* AppDelegate.m */,
				21F054DE1917E0F200CC6BA9 /* Main.storyboard */,
				21F054E11917E0F200CC6BA9 /* ViewController.h */,
				21F054E21917E0F200CC6BA9 /* ViewController.m */,
				21F054E41917E0F200CC6BA9 /* Images.xcassets */,
				21F054D31917E0F200CC6BA9 /* Supporting Files */,
			);
			path = NovelSpeaker;
			sourceTree = "<group>";
		};
		21F054D31917E0F200CC6BA9 /* Supporting Files */ = {
			isa = PBXGroup;
			children = (
				21F054D41917E0F200CC6BA9 /* NovelSpeaker-Info.plist */,
				21F054D51917E0F200CC6BA9 /* InfoPlist.strings */,
				21F054D81917E0F200CC6BA9 /* main.m */,
				21F054DA1917E0F200CC6BA9 /* NovelSpeaker-Prefix.pch */,
			);
			name = "Supporting Files";
			sourceTree = "<group>";
		};
		21F054F11917E0F200CC6BA9 /* NovelSpeakerTests */ = {
			isa = PBXGroup;
			children = (
				21F054F71917E0F200CC6BA9 /* NovelSpeakerTests.m */,
				21F054F21917E0F200CC6BA9 /* Supporting Files */,
			);
			path = NovelSpeakerTests;
			sourceTree = "<group>";
		};
		21F054F21917E0F200CC6BA9 /* Supporting Files */ = {
			isa = PBXGroup;
			children = (
				21F054F31917E0F200CC6BA9 /* NovelSpeakerTests-Info.plist */,
				21F054F41917E0F200CC6BA9 /* InfoPlist.strings */,
			);
			name = "Supporting Files";
			sourceTree = "<group>";
		};
/* End PBXGroup section */

/* Begin PBXNativeTarget section */
		21F054C81917E0F200CC6BA9 /* NovelSpeaker */ = {
			isa = PBXNativeTarget;
			buildConfigurationList = 21F054FB1917E0F200CC6BA9 /* Build configuration list for PBXNativeTarget "NovelSpeaker" */;
			buildPhases = (
				21F054C51917E0F200CC6BA9 /* Sources */,
				21F054C61917E0F200CC6BA9 /* Frameworks */,
				21F054C71917E0F200CC6BA9 /* Resources */,
			);
			buildRules = (
			);
			dependencies = (
			);
			name = NovelSpeaker;
			productName = NovelSpeaker;
			productReference = 21F054C91917E0F200CC6BA9 /* NovelSpeaker.app */;
			productType = "com.apple.product-type.application";
		};
		21F054E91917E0F200CC6BA9 /* NovelSpeakerTests */ = {
			isa = PBXNativeTarget;
			buildConfigurationList = 21F054FE1917E0F200CC6BA9 /* Build configuration list for PBXNativeTarget "NovelSpeakerTests" */;
			buildPhases = (
				21F054E61917E0F200CC6BA9 /* Sources */,
				21F054E71917E0F200CC6BA9 /* Frameworks */,
				21F054E81917E0F200CC6BA9 /* Resources */,
			);
			buildRules = (
			);
			dependencies = (
				21F054F01917E0F200CC6BA9 /* PBXTargetDependency */,
			);
			name = NovelSpeakerTests;
			productName = NovelSpeakerTests;
			productReference = 21F054EA1917E0F200CC6BA9 /* NovelSpeakerTests.xctest */;
			productType = "com.apple.product-type.bundle.unit-test";
		};
/* End PBXNativeTarget section */

/* Begin PBXProject section */
		21F054C11917E0F100CC6BA9 /* Project object */ = {
			isa = PBXProject;
			attributes = {
				LastUpgradeCheck = 0510;
				ORGANIZATIONNAME = "IIMURA Takuji";
				TargetAttributes = {
					21F054E91917E0F200CC6BA9 = {
						TestTargetID = 21F054C81917E0F200CC6BA9;
					};
				};
			};
			buildConfigurationList = 21F054C41917E0F100CC6BA9 /* Build configuration list for PBXProject "NovelSpeaker" */;
			compatibilityVersion = "Xcode 3.2";
			developmentRegion = English;
			hasScannedForEncodings = 0;
			knownRegions = (
				en,
				Base,
			);
			mainGroup = 21F054C01917E0F100CC6BA9;
			productRefGroup = 21F054CA1917E0F200CC6BA9 /* Products */;
			projectDirPath = "";
			projectRoot = "";
			targets = (
				21F054C81917E0F200CC6BA9 /* NovelSpeaker */,
				21F054E91917E0F200CC6BA9 /* NovelSpeakerTests */,
			);
		};
/* End PBXProject section */

/* Begin PBXResourcesBuildPhase section */
		21F054C71917E0F200CC6BA9 /* Resources */ = {
			isa = PBXResourcesBuildPhase;
			buildActionMask = 2147483647;
			files = (
				21F054E51917E0F200CC6BA9 /* Images.xcassets in Resources */,
				21F054D71917E0F200CC6BA9 /* InfoPlist.strings in Resources */,
				21F054E01917E0F200CC6BA9 /* Main.storyboard in Resources */,
			);
			runOnlyForDeploymentPostprocessing = 0;
		};
		21F054E81917E0F200CC6BA9 /* Resources */ = {
			isa = PBXResourcesBuildPhase;
			buildActionMask = 2147483647;
			files = (
				21F054F61917E0F200CC6BA9 /* InfoPlist.strings in Resources */,
			);
			runOnlyForDeploymentPostprocessing = 0;
		};
/* End PBXResourcesBuildPhase section */

/* Begin PBXSourcesBuildPhase section */
		21F054C51917E0F200CC6BA9 /* Sources */ = {
			isa = PBXSourcesBuildPhase;
			buildActionMask = 2147483647;
			files = (
				21F054E31917E0F200CC6BA9 /* ViewController.m in Sources */,
				21F054DD1917E0F200CC6BA9 /* AppDelegate.m in Sources */,
				21F054D91917E0F200CC6BA9 /* main.m in Sources */,
			);
			runOnlyForDeploymentPostprocessing = 0;
		};
		21F054E61917E0F200CC6BA9 /* Sources */ = {
			isa = PBXSourcesBuildPhase;
			buildActionMask = 2147483647;
			files = (
				21F054F81917E0F200CC6BA9 /* NovelSpeakerTests.m in Sources */,
			);
			runOnlyForDeploymentPostprocessing = 0;
		};
/* End PBXSourcesBuildPhase section */

/* Begin PBXTargetDependency section */
		21F054F01917E0F200CC6BA9 /* PBXTargetDependency */ = {
			isa = PBXTargetDependency;
			target = 21F054C81917E0F200CC6BA9 /* NovelSpeaker */;
			targetProxy = 21F054EF1917E0F200CC6BA9 /* PBXContainerItemProxy */;
		};
/* End PBXTargetDependency section */

/* Begin PBXVariantGroup section */
		21F054D51917E0F200CC6BA9 /* InfoPlist.strings */ = {
			isa = PBXVariantGroup;
			children = (
				21F054D61917E0F200CC6BA9 /* en */,
			);
			name = InfoPlist.strings;
			sourceTree = "<group>";
		};
		21F054DE1917E0F200CC6BA9 /* Main.storyboard */ = {
			isa = PBXVariantGroup;
			children = (
				21F054DF1917E0F200CC6BA9 /* Base */,
			);
			name = Main.storyboard;
			sourceTree = "<group>";
		};
		21F054F41917E0F200CC6BA9 /* InfoPlist.strings */ = {
			isa = PBXVariantGroup;
			children = (
				21F054F51917E0F200CC6BA9 /* en */,
			);
			name = InfoPlist.strings;
			sourceTree = "<group>";
		};
/* End PBXVariantGroup section */

/* Begin XCBuildConfiguration section */
		21F054F91917E0F200CC6BA9 /* Debug */ = {
			isa = XCBuildConfiguration;
			buildSettings = {
				ALWAYS_SEARCH_USER_PATHS = NO;
				CLANG_CXX_LANGUAGE_STANDARD = "gnu++0x";
				CLANG_CXX_LIBRARY = "libc++";
				CLANG_ENABLE_MODULES = YES;
				CLANG_ENABLE_OBJC_ARC = YES;
				CLANG_WARN_BOOL_CONVERSION = YES;
				CLANG_WARN_CONSTANT_CONVERSION = YES;
				CLANG_WARN_DIRECT_OBJC_ISA_USAGE = YES_ERROR;
				CLANG_WARN_EMPTY_BODY = YES;
				CLANG_WARN_ENUM_CONVERSION = YES;
				CLANG_WARN_INT_CONVERSION = YES;
				CLANG_WARN_OBJC_ROOT_CLASS = YES_ERROR;
				CLANG_WARN__DUPLICATE_METHOD_MATCH = YES;
				"CODE_SIGN_IDENTITY[sdk=iphoneos*]" = "iPhone Developer";
				COPY_PHASE_STRIP = NO;
				GCC_C_LANGUAGE_STANDARD = gnu99;
				GCC_DYNAMIC_NO_PIC = NO;
				GCC_OPTIMIZATION_LEVEL = 0;
				GCC_PREPROCESSOR_DEFINITIONS = (
					"DEBUG=1",
					"$(inherited)",
				);
				GCC_SYMBOLS_PRIVATE_EXTERN = NO;
				GCC_WARN_64_TO_32_BIT_CONVERSION = YES;
				GCC_WARN_ABOUT_RETURN_TYPE = YES_ERROR;
				GCC_WARN_UNDECLARED_SELECTOR = YES;
				GCC_WARN_UNINITIALIZED_AUTOS = YES_AGGRESSIVE;
				GCC_WARN_UNUSED_FUNCTION = YES;
				GCC_WARN_UNUSED_VARIABLE = YES;
				IPHONEOS_DEPLOYMENT_TARGET = 7.1;
				ONLY_ACTIVE_ARCH = YES;
				SDKROOT = iphoneos;
			};
			name = Debug;
		};
		21F054FA1917E0F200CC6BA9 /* Release */ = {
			isa = XCBuildConfiguration;
			buildSettings = {
				ALWAYS_SEARCH_USER_PATHS = NO;
				CLANG_CXX_LANGUAGE_STANDARD = "gnu++0x";
				CLANG_CXX_LIBRARY = "libc++";
				CLANG_ENABLE_MODULES = YES;
				CLANG_ENABLE_OBJC_ARC = YES;
				CLANG_WARN_BOOL_CONVERSION = YES;
				CLANG_WARN_CONSTANT_CONVERSION = YES;
				CLANG_WARN_DIRECT_OBJC_ISA_USAGE = YES_ERROR;
				CLANG_WARN_EMPTY_BODY = YES;
				CLANG_WARN_ENUM_CONVERSION = YES;
				CLANG_WARN_INT_CONVERSION = YES;
				CLANG_WARN_OBJC_ROOT_CLASS = YES_ERROR;
				CLANG_WARN__DUPLICATE_METHOD_MATCH = YES;
				"CODE_SIGN_IDENTITY[sdk=iphoneos*]" = "iPhone Developer";
				COPY_PHASE_STRIP = YES;
				ENABLE_NS_ASSERTIONS = NO;
				GCC_C_LANGUAGE_STANDARD = gnu99;
				GCC_WARN_64_TO_32_BIT_CONVERSION = YES;
				GCC_WARN_ABOUT_RETURN_TYPE = YES_ERROR;
				GCC_WARN_UNDECLARED_SELECTOR = YES;
				GCC_WARN_UNINITIALIZED_AUTOS = YES_AGGRESSIVE;
				GCC_WARN_UNUSED_FUNCTION = YES;
				GCC_WARN_UNUSED_VARIABLE = YES;
				IPHONEOS_DEPLOYMENT_TARGET = 7.1;
				SDKROOT = iphoneos;
				VALIDATE_PRODUCT = YES;
			};
			name = Release;
		};
		21F054FC1917E0F200CC6BA9 /* Debug */ = {
			isa = XCBuildConfiguration;
			buildSettings = {
				ASSETCATALOG_COMPILER_APPICON_NAME = AppIcon;
				ASSETCATALOG_COMPILER_LAUNCHIMAGE_NAME = LaunchImage;
				GCC_PRECOMPILE_PREFIX_HEADER = YES;
				GCC_PREFIX_HEADER = "NovelSpeaker/NovelSpeaker-Prefix.pch";
				INFOPLIST_FILE = "NovelSpeaker/NovelSpeaker-Info.plist";
				PRODUCT_NAME = "$(TARGET_NAME)";
				WRAPPER_EXTENSION = app;
			};
			name = Debug;
		};
		21F054FD1917E0F200CC6BA9 /* Release */ = {
			isa = XCBuildConfiguration;
			buildSettings = {
				ASSETCATALOG_COMPILER_APPICON_NAME = AppIcon;
				ASSETCATALOG_COMPILER_LAUNCHIMAGE_NAME = LaunchImage;
				GCC_PRECOMPILE_PREFIX_HEADER = YES;
				GCC_PREFIX_HEADER = "NovelSpeaker/NovelSpeaker-Prefix.pch";
				INFOPLIST_FILE = "NovelSpeaker/NovelSpeaker-Info.plist";
				PRODUCT_NAME = "$(TARGET_NAME)";
				WRAPPER_EXTENSION = app;
			};
			name = Release;
		};
		21F054FF1917E0F200CC6BA9 /* Debug */ = {
			isa = XCBuildConfiguration;
			buildSettings = {
				BUNDLE_LOADER = "$(BUILT_PRODUCTS_DIR)/NovelSpeaker.app/NovelSpeaker";
				FRAMEWORK_SEARCH_PATHS = (
					"$(SDKROOT)/Developer/Library/Frameworks",
					"$(inherited)",
					"$(DEVELOPER_FRAMEWORKS_DIR)",
				);
				GCC_PRECOMPILE_PREFIX_HEADER = YES;
				GCC_PREFIX_HEADER = "NovelSpeaker/NovelSpeaker-Prefix.pch";
				GCC_PREPROCESSOR_DEFINITIONS = (
					"DEBUG=1",
					"$(inherited)",
				);
				INFOPLIST_FILE = "NovelSpeakerTests/NovelSpeakerTests-Info.plist";
				PRODUCT_NAME = "$(TARGET_NAME)";
				TEST_HOST = "$(BUNDLE_LOADER)";
				WRAPPER_EXTENSION = xctest;
			};
			name = Debug;
		};
		21F055001917E0F200CC6BA9 /* Release */ = {
			isa = XCBuildConfiguration;
			buildSettings = {
				BUNDLE_LOADER = "$(BUILT_PRODUCTS_DIR)/NovelSpeaker.app/NovelSpeaker";
				FRAMEWORK_SEARCH_PATHS = (
					"$(SDKROOT)/Developer/Library/Frameworks",
					"$(inherited)",
					"$(DEVELOPER_FRAMEWORKS_DIR)",
				);
				GCC_PRECOMPILE_PREFIX_HEADER = YES;
				GCC_PREFIX_HEADER = "NovelSpeaker/NovelSpeaker-Prefix.pch";
				INFOPLIST_FILE = "NovelSpeakerTests/NovelSpeakerTests-Info.plist";
				PRODUCT_NAME = "$(TARGET_NAME)";
				TEST_HOST = "$(BUNDLE_LOADER)";
				WRAPPER_EXTENSION = xctest;
			};
			name = Release;
		};
/* End XCBuildConfiguration section */

/* Begin XCConfigurationList section */
		21F054C41917E0F100CC6BA9 /* Build configuration list for PBXProject "NovelSpeaker" */ = {
			isa = XCConfigurationList;
			buildConfigurations = (
				21F054F91917E0F200CC6BA9 /* Debug */,
				21F054FA1917E0F200CC6BA9 /* Release */,
			);
			defaultConfigurationIsVisible = 0;
			defaultConfigurationName = Release;
		};
		21F054FB1917E0F200CC6BA9 /* Build configuration list for PBXNativeTarget "NovelSpeaker" */ = {
			isa = XCConfigurationList;
			buildConfigurations = (
				21F054FC1917E0F200CC6BA9 /* Debug */,
				21F054FD1917E0F200CC6BA9 /* Release */,
			);
			defaultConfigurationIsVisible = 0;
		};
		21F054FE1917E0F200CC6BA9 /* Build configuration list for PBXNativeTarget "NovelSpeakerTests" */ = {
			isa = XCConfigurationList;
			buildConfigurations = (
				21F054FF1917E0F200CC6BA9 /* Debug */,
				21F055001917E0F200CC6BA9 /* Release */,
			);
			defaultConfigurationIsVisible = 0;
		};
/* End XCConfigurationList section */
	};
	rootObject = 21F054C11917E0F100CC6BA9 /* Project object */;
}
